# This file is automatically @generated by Cargo.
# It is not intended for manual editing.
version = 4

[[package]]
name = "demo"
version = "0.0.0"
dependencies = [
 "spec_core",
 "spec_macro",
]

[[package]]
name = "generator"
version = "0.0.0"
dependencies = [
 "spec_core",
]

[[package]]
name = "spec_core"
version = "0.0.0"

[[package]]
name = "spec_macro"
version = "0.0.0"
dependencies = [
 "spec_core",
]
